
Microsoft Visual Studio Solution File, Format Version 12.00
# Visual Studio Version 17
VisualStudioVersion = 17.4.33213.308
MinimumVisualStudioVersion = 10.0.40219.1
Project("{FAE04EC0-301F-11D3-BF4B-00C04F79EFBC}") = "MybankingApp", "MybankingApp\MybankingApp.csproj", "{27F51049-367D-45EC-939F-49E39E223F4B}"
EndProject
Project("{FAE04EC0-301F-11D3-BF4B-00C04F79EFBC}") = "BankStuffLibrary", "BankStuffLibrary\BankStuffLibrary.csproj", "{64DDB4B8-CF9B-485A-AB0B-BE99523207E4}"
EndProject
Global
	GlobalSection(SolutionConfigurationPlatforms) = preSolution
		Debug|Any CPU = Debug|Any CPU
		Release|Any CPU = Release|Any CPU
	EndGlobalSection
	GlobalSection(ProjectConfigurationPlatforms) = postSolution
		{27F51049-367D-45EC-939F-49E39E223F4B}.Debug|Any CPU.ActiveCfg = Debug|Any CPU
		{27F51049-367D-45EC-939F-49E39E223F4B}.Debug|Any CPU.Build.0 = Debug|Any CPU
		{27F51049-367D-45EC-939F-49E39E223F4B}.Release|Any CPU.ActiveCfg = Release|Any CPU
		{27F51049-367D-45EC-939F-49E39E223F4B}.Release|Any CPU.Build.0 = Release|Any CPU
		{64DDB4B8-CF9B-485A-AB0B-BE99523207E4}.Debug|Any CPU.ActiveCfg = Debug|Any CPU
		{64DDB4B8-CF9B-485A-AB0B-BE99523207E4}.Debug|Any CPU.Build.0 = Debug|Any CPU
		{64DDB4B8-CF9B-485A-AB0B-BE99523207E4}.Release|Any CPU.ActiveCfg = Release|Any CPU
		{64DDB4B8-CF9B-485A-AB0B-BE99523207E4}.Release|Any CPU.Build.0 = Release|Any CPU
	EndGlobalSection
	GlobalSection(SolutionProperties) = preSolution
		HideSolutionNode = FALSE
	EndGlobalSection
	GlobalSection(ExtensibilityGlobals) = postSolution
		SolutionGuid = {99856C6A-9ABF-40F3-BCC0-8832AAB17F52}
	EndGlobalSection
EndGlobal
